<?xml version="1.0" encoding="utf-8"?>
<Project ToolsVersion="4.0" xmlns="http://schemas.microsoft.com/developer/msbuild/2003">
  <ItemGroup>
    <Filter Include="Application">
      <UniqueIdentifier>{1b37cbe7-9475-448c-92ff-8f9372406418}</UniqueIdentifier>
    </Filter>
    <Filter Include="Card">
      <UniqueIdentifier>{60321312-6a5e-48bc-9559-cd48369d21ce}</UniqueIdentifier>
    </Filter>
    <Filter Include="Terminal">
      <UniqueIdentifier>{673edf7a-f0da-4164-9391-141ba0f2e22f}</UniqueIdentifier>
    </Filter>
    <Filter Include="Server">
      <UniqueIdentifier>{01da6aff-80eb-41cc-bd9c-9cb309ef9684}</UniqueIdentifier>
    </Filter>
  </ItemGroup>
  <ItemGroup>
    <ClCompile Include="app.c">
      <Filter>Application</Filter>
    </ClCompile>
    <ClCompile Include="card.c">
      <Filter>Card</Filter>
    </ClCompile>
    <ClCompile Include="terminal.c">
      <Filter>Terminal</Filter>
    </ClCompile>
    <ClCompile Include="server.c">
      <Filter>Server</Filter>
    </ClCompile>
    <ClCompile Include="main.c" />
  </ItemGroup>
  <ItemGroup>
    <ClInclude Include="app.h">
      <Filter>Application</Filter>
    </ClInclude>
    <ClInclude Include="card.h">
      <Filter>Card</Filter>
    </ClInclude>
    <ClInclude Include="terminal.h">
      <Filter>Terminal</Filter>
    </ClInclude>
    <ClInclude Include="server.h">
      <Filter>Server</Filter>
    </ClInclude>
  </ItemGroup>
</Project>